
Microsoft Visual Studio Solution File, Format Version 12.00
# Visual Studio 14
VisualStudioVersion = 14.0.22823.1
MinimumVisualStudioVersion = 10.0.40219.1
Project("{FAE04EC0-301F-11D3-BF4B-00C04F79EFBC}") = "LikeRobi", "LikeRobi\LikeRobi.csproj", "{DFBF7D29-DF54-48D8-B48A-259452C0BE40}"
EndProject
Project("{FAE04EC0-301F-11D3-BF4B-00C04F79EFBC}") = "HtmlMO", "HtmlMO\HtmlMO.csproj", "{C11D2B6D-5473-4316-8B61-7CC15DF6223C}"
EndProject
Project("{FAE04EC0-301F-11D3-BF4B-00C04F79EFBC}") = "ImageMO", "ImageMO\ImageMO.csproj", "{2893032B-E66E-4392-B6C4-622E57D38A08}"
EndProject
Project("{FAE04EC0-301F-11D3-BF4B-00C04F79EFBC}") = "PostMO", "PostMO\PostMO.csproj", "{64217581-B1B7-40DD-B25D-87AC0064B17C}"
EndProject
Global
	GlobalSection(SolutionConfigurationPlatforms) = preSolution
		Debug|Any CPU = Debug|Any CPU
		Release|Any CPU = Release|Any CPU
	EndGlobalSection
	GlobalSection(ProjectConfigurationPlatforms) = postSolution
		{DFBF7D29-DF54-48D8-B48A-259452C0BE40}.Debug|Any CPU.ActiveCfg = Debug|Any CPU
		{DFBF7D29-DF54-48D8-B48A-259452C0BE40}.Debug|Any CPU.Build.0 = Debug|Any CPU
		{DFBF7D29-DF54-48D8-B48A-259452C0BE40}.Release|Any CPU.ActiveCfg = Release|Any CPU
		{DFBF7D29-DF54-48D8-B48A-259452C0BE40}.Release|Any CPU.Build.0 = Release|Any CPU
		{C11D2B6D-5473-4316-8B61-7CC15DF6223C}.Debug|Any CPU.ActiveCfg = Debug|Any CPU
		{C11D2B6D-5473-4316-8B61-7CC15DF6223C}.Debug|Any CPU.Build.0 = Debug|Any CPU
		{C11D2B6D-5473-4316-8B61-7CC15DF6223C}.Release|Any CPU.ActiveCfg = Release|Any CPU
		{C11D2B6D-5473-4316-8B61-7CC15DF6223C}.Release|Any CPU.Build.0 = Release|Any CPU
		{2893032B-E66E-4392-B6C4-622E57D38A08}.Debug|Any CPU.ActiveCfg = Debug|Any CPU
		{2893032B-E66E-4392-B6C4-622E57D38A08}.Debug|Any CPU.Build.0 = Debug|Any CPU
		{2893032B-E66E-4392-B6C4-622E57D38A08}.Release|Any CPU.ActiveCfg = Release|Any CPU
		{2893032B-E66E-4392-B6C4-622E57D38A08}.Release|Any CPU.Build.0 = Release|Any CPU
		{64217581-B1B7-40DD-B25D-87AC0064B17C}.Debug|Any CPU.ActiveCfg = Debug|Any CPU
		{64217581-B1B7-40DD-B25D-87AC0064B17C}.Debug|Any CPU.Build.0 = Debug|Any CPU
		{64217581-B1B7-40DD-B25D-87AC0064B17C}.Release|Any CPU.ActiveCfg = Release|Any CPU
		{64217581-B1B7-40DD-B25D-87AC0064B17C}.Release|Any CPU.Build.0 = Release|Any CPU
	EndGlobalSection
	GlobalSection(SolutionProperties) = preSolution
		HideSolutionNode = FALSE
	EndGlobalSection
EndGlobal
